<?xml version="1.0" encoding="utf-8"?>
<Project ToolsVersion="4.0" xmlns="http://schemas.microsoft.com/developer/msbuild/2003">
  <ItemGroup>
    <Filter Include="Source Files">
      <UniqueIdentifier>{4FC737F1-C7A5-4376-A066-2A32D752A2FF}</UniqueIdentifier>
      <Extensions>cpp;c;cxx;def;odl;idl;hpj;bat;asm;asmx</Extensions>
    </Filter>
    <Filter Include="Header Files">
      <UniqueIdentifier>{93995380-89BD-4b04-88EB-625FBE52EBFB}</UniqueIdentifier>
      <Extensions>h;hpp;hxx;hm;inl;inc;xsd</Extensions>
    </Filter>
    <Filter Include="Resource Files">
      <UniqueIdentifier>{67DA6AB6-F800-4c08-8B7A-83BB121AAD01}</UniqueIdentifier>
      <Extensions>rc;ico;cur;bmp;dlg;rc2;rct;bin;rgs;gif;jpg;jpeg;jpe;resx</Extensions>
    </Filter>
  </ItemGroup>
  <ItemGroup>
    <ClCompile Include="car.cpp">
      <Filter>Source Files</Filter>
    </ClCompile>
    <ClCompile Include="CarDef.cpp">
      <Filter>Source Files</Filter>
    </ClCompile>
    <ClCompile Include="ChildFrm.cpp">
      <Filter>Source Files</Filter>
    </ClCompile>
    <ClCompile Include="CpuInfoDlg.cpp">
      <Filter>Source Files</Filter>
    </ClCompile>
    <ClCompile Include="EditorChaoDlg.cpp">
      <Filter>Source Files</Filter>
    </ClCompile>
    <ClCompile Include="env.cpp">
      <Filter>Source Files</Filter>
    </ClCompile>
    <ClCompile Include="EvolucaoDlg.cpp">
      <Filter>Source Files</Filter>
    </ClCompile>
    <ClCompile Include="ga.cpp">
      <Filter>Source Files</Filter>
    </ClCompile>
    <ClCompile Include="GaBox2d.cpp">
      <Filter>Source Files</Filter>
    </ClCompile>
    <ClCompile Include="GaBox2dDoc.cpp">
      <Filter>Source Files</Filter>
    </ClCompile>
    <ClCompile Include="GaBox2dView.cpp">
      <Filter>Source Files</Filter>
    </ClCompile>
    <ClCompile Include="GaCar.cpp">
      <Filter>Source Files</Filter>
    </ClCompile>
    <ClCompile Include="GaInfoDlg.cpp">
      <Filter>Source Files</Filter>
    </ClCompile>
    <ClCompile Include="GaParamsDlg.cpp">
      <Filter>Source Files</Filter>
    </ClCompile>
    <ClCompile Include="GrCar.cpp">
      <Filter>Source Files</Filter>
    </ClCompile>
    <ClCompile Include="IdInfoDlg.cpp">
      <Filter>Source Files</Filter>
    </ClCompile>
    <ClCompile Include="MainFrm.cpp">
      <Filter>Source Files</Filter>
    </ClCompile>
    <ClCompile Include="PhysCar.cpp">
      <Filter>Source Files</Filter>
    </ClCompile>
    <ClCompile Include="stdafx.cpp">
      <Filter>Source Files</Filter>
    </ClCompile>
    <ClCompile Include="WndPreviewChao.cpp">
      <Filter>Source Files</Filter>
    </ClCompile>
    <ClCompile Include="WndShowCarro.cpp">
      <Filter>Source Files</Filter>
    </ClCompile>
  </ItemGroup>
  <ItemGroup>
    <ClInclude Include="car.h">
      <Filter>Header Files</Filter>
    </ClInclude>
    <ClInclude Include="CarDef.h">
      <Filter>Header Files</Filter>
    </ClInclude>
    <ClInclude Include="ChildFrm.h">
      <Filter>Header Files</Filter>
    </ClInclude>
    <ClInclude Include="CpuInfoDlg.h">
      <Filter>Header Files</Filter>
    </ClInclude>
    <ClInclude Include="EditorChaoDlg.h">
      <Filter>Header Files</Filter>
    </ClInclude>
    <ClInclude Include="env.h">
      <Filter>Header Files</Filter>
    </ClInclude>
    <ClInclude Include="EvolucaoDlg.h">
      <Filter>Header Files</Filter>
    </ClInclude>
    <ClInclude Include="ga.h">
      <Filter>Header Files</Filter>
    </ClInclude>
    <ClInclude Include="GaBox2d.h">
      <Filter>Header Files</Filter>
    </ClInclude>
    <ClInclude Include="GaBox2dDoc.h">
      <Filter>Header Files</Filter>
    </ClInclude>
    <ClInclude Include="GaBox2dView.h">
      <Filter>Header Files</Filter>
    </ClInclude>
    <ClInclude Include="GaCar.h">
      <Filter>Header Files</Filter>
    </ClInclude>
    <ClInclude Include="GaInfoDlg.h">
      <Filter>Header Files</Filter>
    </ClInclude>
    <ClInclude Include="GaParamsDlg.h">
      <Filter>Header Files</Filter>
    </ClInclude>
    <ClInclude Include="GrCar.h">
      <Filter>Header Files</Filter>
    </ClInclude>
    <ClInclude Include="IdInfoDlg.h">
      <Filter>Header Files</Filter>
    </ClInclude>
    <ClInclude Include="MainFrm.h">
      <Filter>Header Files</Filter>
    </ClInclude>
    <ClInclude Include="PhysCar.h">
      <Filter>Header Files</Filter>
    </ClInclude>
    <ClInclude Include="Resource.h">
      <Filter>Header Files</Filter>
    </ClInclude>
    <ClInclude Include="stdafx.h">
      <Filter>Header Files</Filter>
    </ClInclude>
    <ClInclude Include="WndPreviewChao.h">
      <Filter>Header Files</Filter>
    </ClInclude>
    <ClInclude Include="WndShowCarro.h">
      <Filter>Header Files</Filter>
    </ClInclude>
  </ItemGroup>
  <ItemGroup>
    <None Include="res\DNA.ico">
      <Filter>Resource Files</Filter>
    </None>
    <None Include="res\GaBox2d.ico">
      <Filter>Resource Files</Filter>
    </None>
    <None Include="res\GaBox2d.rc2">
      <Filter>Resource Files</Filter>
    </None>
    <None Include="res\GaBox2dDoc.ico">
      <Filter>Resource Files</Filter>
    </None>
    <None Include="res\Toolbar.bmp">
      <Filter>Resource Files</Filter>
    </None>
    <None Include="ReadMe.txt" />
  </ItemGroup>
  <ItemGroup>
    <ResourceCompile Include="GaBox2d.rc">
      <Filter>Resource Files</Filter>
    </ResourceCompile>
  </ItemGroup>
  <ItemGroup>
    <Manifest Include="res\GaBox2d.manifest" />
  </ItemGroup>
</Project>