Microsoft Visual Studio Solution File, Format Version 11.00
# Visual Studio 2010
Project("{8BC9CEB8-8B4A-11D0-8D11-00A0C91BC942}") = "GaBox2d", "GaBox2d.vcxproj", "{3307DEBB-CAA5-4B3B-8048-0758DCE789BF}"
EndProject
Project("{8BC9CEB8-8B4A-11D0-8D11-00A0C91BC942}") = "Box2D", "..\..\Library\Cpp\3rdparty\Box2D\Build\VC8\Box2D.vcxproj", "{7A2DFC3D-516A-471D-A215-BD40E5E5AD9A}"
EndProject
Project("{8BC9CEB8-8B4A-11D0-8D11-00A0C91BC942}") = "LibMarcos", "..\..\Library\Cpp\LibMarcos\msvc2003\LibMarcos.vcxproj", "{5DD4BD75-746A-402C-B708-E6E110334B87}"
EndProject
Project("{8BC9CEB8-8B4A-11D0-8D11-00A0C91BC942}") = "pcrecpp", "..\..\Library\Cpp\3rdparty\pcre-7.9\msvc_2003_mfc_static\pcrecpp.vcxproj", "{C9ECBB4B-22EE-40AC-9196-FE86AF02B203}"
EndProject
Global
	GlobalSection(SolutionConfigurationPlatforms) = preSolution
		Debug|Win32 = Debug|Win32
		Release|Win32 = Release|Win32
		Template|Win32 = Template|Win32
	EndGlobalSection
	GlobalSection(ProjectConfigurationPlatforms) = postSolution
		{3307DEBB-CAA5-4B3B-8048-0758DCE789BF}.Debug|Win32.ActiveCfg = Debug|Win32
		{3307DEBB-CAA5-4B3B-8048-0758DCE789BF}.Debug|Win32.Build.0 = Debug|Win32
		{3307DEBB-CAA5-4B3B-8048-0758DCE789BF}.Release|Win32.ActiveCfg = Release|Win32
		{3307DEBB-CAA5-4B3B-8048-0758DCE789BF}.Release|Win32.Build.0 = Release|Win32
		{3307DEBB-CAA5-4B3B-8048-0758DCE789BF}.Template|Win32.ActiveCfg = Template|Win32
		{3307DEBB-CAA5-4B3B-8048-0758DCE789BF}.Template|Win32.Build.0 = Template|Win32
		{7A2DFC3D-516A-471D-A215-BD40E5E5AD9A}.Debug|Win32.ActiveCfg = Debug|Win32
		{7A2DFC3D-516A-471D-A215-BD40E5E5AD9A}.Debug|Win32.Build.0 = Debug|Win32
		{7A2DFC3D-516A-471D-A215-BD40E5E5AD9A}.Release|Win32.ActiveCfg = Release|Win32
		{7A2DFC3D-516A-471D-A215-BD40E5E5AD9A}.Release|Win32.Build.0 = Release|Win32
		{7A2DFC3D-516A-471D-A215-BD40E5E5AD9A}.Template|Win32.ActiveCfg = Release|Win32
		{7A2DFC3D-516A-471D-A215-BD40E5E5AD9A}.Template|Win32.Build.0 = Release|Win32
		{5DD4BD75-746A-402C-B708-E6E110334B87}.Debug|Win32.ActiveCfg = Debug|Win32
		{5DD4BD75-746A-402C-B708-E6E110334B87}.Debug|Win32.Build.0 = Debug|Win32
		{5DD4BD75-746A-402C-B708-E6E110334B87}.Release|Win32.ActiveCfg = Release|Win32
		{5DD4BD75-746A-402C-B708-E6E110334B87}.Release|Win32.Build.0 = Release|Win32
		{5DD4BD75-746A-402C-B708-E6E110334B87}.Template|Win32.ActiveCfg = Template|Win32
		{5DD4BD75-746A-402C-B708-E6E110334B87}.Template|Win32.Build.0 = Template|Win32
		{C9ECBB4B-22EE-40AC-9196-FE86AF02B203}.Debug|Win32.ActiveCfg = Debug|Win32
		{C9ECBB4B-22EE-40AC-9196-FE86AF02B203}.Debug|Win32.Build.0 = Debug|Win32
		{C9ECBB4B-22EE-40AC-9196-FE86AF02B203}.Release|Win32.ActiveCfg = Release|Win32
		{C9ECBB4B-22EE-40AC-9196-FE86AF02B203}.Release|Win32.Build.0 = Release|Win32
		{C9ECBB4B-22EE-40AC-9196-FE86AF02B203}.Template|Win32.ActiveCfg = Release|Win32
		{C9ECBB4B-22EE-40AC-9196-FE86AF02B203}.Template|Win32.Build.0 = Release|Win32
	EndGlobalSection
	GlobalSection(SolutionProperties) = preSolution
		HideSolutionNode = FALSE
	EndGlobalSection
EndGlobal
